// !$*UTF8*$!
{
	archiveVersion = 1;
	classes = {
	};
	objectVersion = 56;
	objects = {

/* Begin PBXBuildFile section */
		4F5CC8212939EB5C000F8AB3 /* ChartLottoListViewController.swift in Sources */ = {isa = PBXBuildFile; fileRef = 4F5CC8202939EB5C000F8AB3 /* ChartLottoListViewController.swift */; };
		4F5CC8232939EB72000F8AB3 /* LottoCalendarViewController.swift in Sources */ = {isa = PBXBuildFile; fileRef = 4F5CC8222939EB72000F8AB3 /* LottoCalendarViewController.swift */; };
		4F5CC8252939EB7B000F8AB3 /* LottoQRViewController.swift in Sources */ = {isa = PBXBuildFile; fileRef = 4F5CC8242939EB7B000F8AB3 /* LottoQRViewController.swift */; };
		4F5CC8272939EB85000F8AB3 /* RandomLottoNumberViewController.swift in Sources */ = {isa = PBXBuildFile; fileRef = 4F5CC8262939EB85000F8AB3 /* RandomLottoNumberViewController.swift */; };
		4F5CC82A2939EB9B000F8AB3 /* CustomTabBar.swift in Sources */ = {isa = PBXBuildFile; fileRef = 4F5CC8292939EB9B000F8AB3 /* CustomTabBar.swift */; };
		4F5CC82C2939EBAA000F8AB3 /* TabBarController.swift in Sources */ = {isa = PBXBuildFile; fileRef = 4F5CC82B2939EBAA000F8AB3 /* TabBarController.swift */; };
		6240F84B293C5E7400A2C781 /* FSCalendar in Frameworks */ = {isa = PBXBuildFile; productRef = 6240F84A293C5E7400A2C781 /* FSCalendar */; };
		6240F84E293C620000A2C781 /* RxSwift in Frameworks */ = {isa = PBXBuildFile; productRef = 6240F84D293C620000A2C781 /* RxSwift */; };
		6240F856293C63E400A2C781 /* LottoCalendar.swift in Sources */ = {isa = PBXBuildFile; fileRef = 6240F855293C63E400A2C781 /* LottoCalendar.swift */; };
		6240F858293C64A700A2C781 /* ExpandButton.swift in Sources */ = {isa = PBXBuildFile; fileRef = 6240F857293C64A700A2C781 /* ExpandButton.swift */; };
		6240F85A293C70CA00A2C781 /* Lotto.swift in Sources */ = {isa = PBXBuildFile; fileRef = 6240F859293C70CA00A2C781 /* Lotto.swift */; };
		6240F85C293C7DD500A2C781 /* LottoCell.swift in Sources */ = {isa = PBXBuildFile; fileRef = 6240F85B293C7DD500A2C781 /* LottoCell.swift */; };
		6240F85E293C7EC100A2C781 /* DateHeaderView.swift in Sources */ = {isa = PBXBuildFile; fileRef = 6240F85D293C7EC100A2C781 /* DateHeaderView.swift */; };
		6240F860293C7FE100A2C781 /* AddLottoFooterView.swift in Sources */ = {isa = PBXBuildFile; fileRef = 6240F85F293C7FE100A2C781 /* AddLottoFooterView.swift */; };
		6240F864293C831600A2C781 /* Int+.swift in Sources */ = {isa = PBXBuildFile; fileRef = 6240F863293C831600A2C781 /* Int+.swift */; };
		6240F866293C843B00A2C781 /* String+.swift in Sources */ = {isa = PBXBuildFile; fileRef = 6240F865293C843B00A2C781 /* String+.swift */; };
		6240F868293C84C300A2C781 /* LottoCalenderViewController+DataSource.swift in Sources */ = {isa = PBXBuildFile; fileRef = 6240F867293C84C300A2C781 /* LottoCalenderViewController+DataSource.swift */; };
		C050B30D292E30E700E664DB /* AppDelegate.swift in Sources */ = {isa = PBXBuildFile; fileRef = C050B30C292E30E700E664DB /* AppDelegate.swift */; };
		C050B30F292E30E700E664DB /* SceneDelegate.swift in Sources */ = {isa = PBXBuildFile; fileRef = C050B30E292E30E700E664DB /* SceneDelegate.swift */; };
		C050B311292E30E700E664DB /* HomeViewController.swift in Sources */ = {isa = PBXBuildFile; fileRef = C050B310292E30E700E664DB /* HomeViewController.swift */; };
		C050B314292E30E700E664DB /* Main.storyboard in Resources */ = {isa = PBXBuildFile; fileRef = C050B312292E30E700E664DB /* Main.storyboard */; };
		C050B317292E30E700E664DB /* LottoDiary.xcdatamodeld in Sources */ = {isa = PBXBuildFile; fileRef = C050B315292E30E700E664DB /* LottoDiary.xcdatamodeld */; };
		C050B319292E30E700E664DB /* Assets.xcassets in Resources */ = {isa = PBXBuildFile; fileRef = C050B318292E30E700E664DB /* Assets.xcassets */; };
		C050B31C292E30E700E664DB /* LaunchScreen.storyboard in Resources */ = {isa = PBXBuildFile; fileRef = C050B31A292E30E700E664DB /* LaunchScreen.storyboard */; };
		C050B331292E327E00E664DB /* GmarketSansTTFLight.ttf in Resources */ = {isa = PBXBuildFile; fileRef = C050B32E292E327E00E664DB /* GmarketSansTTFLight.ttf */; };
		C050B332292E327E00E664DB /* GmarketSansTTFBold.ttf in Resources */ = {isa = PBXBuildFile; fileRef = C050B32F292E327E00E664DB /* GmarketSansTTFBold.ttf */; };
		C050B333292E327E00E664DB /* GmarketSansTTFMedium.ttf in Resources */ = {isa = PBXBuildFile; fileRef = C050B330292E327E00E664DB /* GmarketSansTTFMedium.ttf */; };
		C050B335292E358600E664DB /* Font.swift in Sources */ = {isa = PBXBuildFile; fileRef = C050B334292E358600E664DB /* Font.swift */; };
		C050B337292E358F00E664DB /* Palette.swift in Sources */ = {isa = PBXBuildFile; fileRef = C050B336292E358F00E664DB /* Palette.swift */; };
		C050B33A292E3A4E00E664DB /* SnapKit in Frameworks */ = {isa = PBXBuildFile; productRef = C050B339292E3A4E00E664DB /* SnapKit */; };
		C050B33C292E3AB300E664DB /* UIFont+.swift in Sources */ = {isa = PBXBuildFile; fileRef = C050B33B292E3AB300E664DB /* UIFont+.swift */; };
		C050B33E292E3B6E00E664DB /* DeviceInfo.swift in Sources */ = {isa = PBXBuildFile; fileRef = C050B33D292E3B6E00E664DB /* DeviceInfo.swift */; };
		C050B340292E3D7100E664DB /* CGColor+.swift in Sources */ = {isa = PBXBuildFile; fileRef = C050B33F292E3D7100E664DB /* CGColor+.swift */; };
		C050B342292E3D9200E664DB /* UIColor+.swift in Sources */ = {isa = PBXBuildFile; fileRef = C050B341292E3D9200E664DB /* UIColor+.swift */; };
		C050B344292E40CD00E664DB /* Colors.xcassets in Resources */ = {isa = PBXBuildFile; fileRef = C050B343292E40CD00E664DB /* Colors.xcassets */; };
/* End PBXBuildFile section */

/* Begin PBXFileReference section */
		4F5CC8202939EB5C000F8AB3 /* ChartLottoListViewController.swift */ = {isa = PBXFileReference; lastKnownFileType = sourcecode.swift; path = ChartLottoListViewController.swift; sourceTree = "<group>"; };
		4F5CC8222939EB72000F8AB3 /* LottoCalendarViewController.swift */ = {isa = PBXFileReference; lastKnownFileType = sourcecode.swift; path = LottoCalendarViewController.swift; sourceTree = "<group>"; };
		4F5CC8242939EB7B000F8AB3 /* LottoQRViewController.swift */ = {isa = PBXFileReference; lastKnownFileType = sourcecode.swift; path = LottoQRViewController.swift; sourceTree = "<group>"; };
		4F5CC8262939EB85000F8AB3 /* RandomLottoNumberViewController.swift */ = {isa = PBXFileReference; lastKnownFileType = sourcecode.swift; path = RandomLottoNumberViewController.swift; sourceTree = "<group>"; };
		4F5CC8292939EB9B000F8AB3 /* CustomTabBar.swift */ = {isa = PBXFileReference; lastKnownFileType = sourcecode.swift; path = CustomTabBar.swift; sourceTree = "<group>"; };
		4F5CC82B2939EBAA000F8AB3 /* TabBarController.swift */ = {isa = PBXFileReference; lastKnownFileType = sourcecode.swift; path = TabBarController.swift; sourceTree = "<group>"; };
		6240F855293C63E400A2C781 /* LottoCalendar.swift */ = {isa = PBXFileReference; lastKnownFileType = sourcecode.swift; path = LottoCalendar.swift; sourceTree = "<group>"; };
		6240F857293C64A700A2C781 /* ExpandButton.swift */ = {isa = PBXFileReference; lastKnownFileType = sourcecode.swift; path = ExpandButton.swift; sourceTree = "<group>"; };
		6240F859293C70CA00A2C781 /* Lotto.swift */ = {isa = PBXFileReference; lastKnownFileType = sourcecode.swift; path = Lotto.swift; sourceTree = "<group>"; };
		6240F85B293C7DD500A2C781 /* LottoCell.swift */ = {isa = PBXFileReference; lastKnownFileType = sourcecode.swift; path = LottoCell.swift; sourceTree = "<group>"; };
		6240F85D293C7EC100A2C781 /* DateHeaderView.swift */ = {isa = PBXFileReference; lastKnownFileType = sourcecode.swift; path = DateHeaderView.swift; sourceTree = "<group>"; };
		6240F85F293C7FE100A2C781 /* AddLottoFooterView.swift */ = {isa = PBXFileReference; lastKnownFileType = sourcecode.swift; path = AddLottoFooterView.swift; sourceTree = "<group>"; };
		6240F863293C831600A2C781 /* Int+.swift */ = {isa = PBXFileReference; lastKnownFileType = sourcecode.swift; path = "Int+.swift"; sourceTree = "<group>"; };
		6240F865293C843B00A2C781 /* String+.swift */ = {isa = PBXFileReference; lastKnownFileType = sourcecode.swift; path = "String+.swift"; sourceTree = "<group>"; };
		6240F867293C84C300A2C781 /* LottoCalenderViewController+DataSource.swift */ = {isa = PBXFileReference; lastKnownFileType = sourcecode.swift; path = "LottoCalenderViewController+DataSource.swift"; sourceTree = "<group>"; };
		C050B309292E30E700E664DB /* LottoDiary.app */ = {isa = PBXFileReference; explicitFileType = wrapper.application; includeInIndex = 0; path = LottoDiary.app; sourceTree = BUILT_PRODUCTS_DIR; };
		C050B30C292E30E700E664DB /* AppDelegate.swift */ = {isa = PBXFileReference; lastKnownFileType = sourcecode.swift; path = AppDelegate.swift; sourceTree = "<group>"; };
		C050B30E292E30E700E664DB /* SceneDelegate.swift */ = {isa = PBXFileReference; lastKnownFileType = sourcecode.swift; path = SceneDelegate.swift; sourceTree = "<group>"; };
		C050B310292E30E700E664DB /* HomeViewController.swift */ = {isa = PBXFileReference; lastKnownFileType = sourcecode.swift; path = HomeViewController.swift; sourceTree = "<group>"; };
		C050B313292E30E700E664DB /* Base */ = {isa = PBXFileReference; lastKnownFileType = file.storyboard; name = Base; path = Base.lproj/Main.storyboard; sourceTree = "<group>"; };
		C050B316292E30E700E664DB /* LottoDiary.xcdatamodel */ = {isa = PBXFileReference; lastKnownFileType = wrapper.xcdatamodel; path = LottoDiary.xcdatamodel; sourceTree = "<group>"; };
		C050B318292E30E700E664DB /* Assets.xcassets */ = {isa = PBXFileReference; lastKnownFileType = folder.assetcatalog; path = Assets.xcassets; sourceTree = "<group>"; };
		C050B31B292E30E700E664DB /* Base */ = {isa = PBXFileReference; lastKnownFileType = file.storyboard; name = Base; path = Base.lproj/LaunchScreen.storyboard; sourceTree = "<group>"; };
		C050B31D292E30E700E664DB /* Info.plist */ = {isa = PBXFileReference; lastKnownFileType = text.plist.xml; path = Info.plist; sourceTree = "<group>"; };
		C050B32E292E327E00E664DB /* GmarketSansTTFLight.ttf */ = {isa = PBXFileReference; lastKnownFileType = file; path = GmarketSansTTFLight.ttf; sourceTree = "<group>"; };
		C050B32F292E327E00E664DB /* GmarketSansTTFBold.ttf */ = {isa = PBXFileReference; lastKnownFileType = file; path = GmarketSansTTFBold.ttf; sourceTree = "<group>"; };
		C050B330292E327E00E664DB /* GmarketSansTTFMedium.ttf */ = {isa = PBXFileReference; lastKnownFileType = file; path = GmarketSansTTFMedium.ttf; sourceTree = "<group>"; };
		C050B334292E358600E664DB /* Font.swift */ = {isa = PBXFileReference; lastKnownFileType = sourcecode.swift; path = Font.swift; sourceTree = "<group>"; };
		C050B336292E358F00E664DB /* Palette.swift */ = {isa = PBXFileReference; lastKnownFileType = sourcecode.swift; path = Palette.swift; sourceTree = "<group>"; };
		C050B33B292E3AB300E664DB /* UIFont+.swift */ = {isa = PBXFileReference; lastKnownFileType = sourcecode.swift; path = "UIFont+.swift"; sourceTree = "<group>"; };
		C050B33D292E3B6E00E664DB /* DeviceInfo.swift */ = {isa = PBXFileReference; lastKnownFileType = sourcecode.swift; path = DeviceInfo.swift; sourceTree = "<group>"; };
		C050B33F292E3D7100E664DB /* CGColor+.swift */ = {isa = PBXFileReference; lastKnownFileType = sourcecode.swift; path = "CGColor+.swift"; sourceTree = "<group>"; };
		C050B341292E3D9200E664DB /* UIColor+.swift */ = {isa = PBXFileReference; lastKnownFileType = sourcecode.swift; path = "UIColor+.swift"; sourceTree = "<group>"; };
		C050B343292E40CD00E664DB /* Colors.xcassets */ = {isa = PBXFileReference; lastKnownFileType = folder.assetcatalog; path = Colors.xcassets; sourceTree = "<group>"; };
/* End PBXFileReference section */

/* Begin PBXFrameworksBuildPhase section */
		C050B306292E30E700E664DB /* Frameworks */ = {
			isa = PBXFrameworksBuildPhase;
			buildActionMask = 2147483647;
			files = (
				6240F84E293C620000A2C781 /* RxSwift in Frameworks */,
				C050B33A292E3A4E00E664DB /* SnapKit in Frameworks */,
				6240F84B293C5E7400A2C781 /* FSCalendar in Frameworks */,
			);
			runOnlyForDeploymentPostprocessing = 0;
		};
/* End PBXFrameworksBuildPhase section */

/* Begin PBXGroup section */
		4F5CC8282939EB89000F8AB3 /* TabBar */ = {
			isa = PBXGroup;
			children = (
				4F5CC8292939EB9B000F8AB3 /* CustomTabBar.swift */,
				4F5CC82B2939EBAA000F8AB3 /* TabBarController.swift */,
			);
			path = TabBar;
			sourceTree = "<group>";
		};
		6240F850293C62D000A2C781 /* Calendar */ = {
			isa = PBXGroup;
			children = (
				6240F854293C636200A2C781 /* Type */,
				6240F853293C635700A2C781 /* ViewModel */,
				6240F852293C635100A2C781 /* Views */,
				6240F851293C634300A2C781 /* ViewController */,
			);
			path = Calendar;
			sourceTree = "<group>";
		};
		6240F851293C634300A2C781 /* ViewController */ = {
			isa = PBXGroup;
			children = (
				4F5CC8222939EB72000F8AB3 /* LottoCalendarViewController.swift */,
				6240F867293C84C300A2C781 /* LottoCalenderViewController+DataSource.swift */,
			);
			path = ViewController;
			sourceTree = "<group>";
		};
		6240F852293C635100A2C781 /* Views */ = {
			isa = PBXGroup;
			children = (
				6240F855293C63E400A2C781 /* LottoCalendar.swift */,
				6240F857293C64A700A2C781 /* ExpandButton.swift */,
				6240F85B293C7DD500A2C781 /* LottoCell.swift */,
				6240F85D293C7EC100A2C781 /* DateHeaderView.swift */,
				6240F85F293C7FE100A2C781 /* AddLottoFooterView.swift */,
			);
			path = Views;
			sourceTree = "<group>";
		};
		6240F853293C635700A2C781 /* ViewModel */ = {
			isa = PBXGroup;
			children = (
			);
			path = ViewModel;
			sourceTree = "<group>";
		};
		6240F854293C636200A2C781 /* Type */ = {
			isa = PBXGroup;
			children = (
				6240F859293C70CA00A2C781 /* Lotto.swift */,
			);
			path = Type;
			sourceTree = "<group>";
		};
		C050B300292E30E700E664DB = {
			isa = PBXGroup;
			children = (
				C050B30B292E30E700E664DB /* LottoDiary */,
				C050B30A292E30E700E664DB /* Products */,
			);
			sourceTree = "<group>";
		};
		C050B30A292E30E700E664DB /* Products */ = {
			isa = PBXGroup;
			children = (
				C050B309292E30E700E664DB /* LottoDiary.app */,
			);
			name = Products;
			sourceTree = "<group>";
		};
		C050B30B292E30E700E664DB /* LottoDiary */ = {
			isa = PBXGroup;
			children = (
				C050B324292E319B00E664DB /* Sources */,
				C050B323292E319300E664DB /* Resources */,
				C050B315292E30E700E664DB /* LottoDiary.xcdatamodeld */,
			);
			path = LottoDiary;
			sourceTree = "<group>";
		};
		C050B323292E319300E664DB /* Resources */ = {
			isa = PBXGroup;
			children = (
				C050B312292E30E700E664DB /* Main.storyboard */,
				C050B318292E30E700E664DB /* Assets.xcassets */,
				C050B343292E40CD00E664DB /* Colors.xcassets */,
				C050B31A292E30E700E664DB /* LaunchScreen.storyboard */,
				C050B31D292E30E700E664DB /* Info.plist */,
				C050B326292E31BE00E664DB /* Fonts */,
			);
			path = Resources;
			sourceTree = "<group>";
		};
		C050B324292E319B00E664DB /* Sources */ = {
			isa = PBXGroup;
			children = (
				C050B32B292E322E00E664DB /* Utility */,
				C050B328292E31E000E664DB /* DesignSystem */,
				C050B327292E31D700E664DB /* Present */,
				C050B325292E31A900E664DB /* App */,
			);
			path = Sources;
			sourceTree = "<group>";
		};
		C050B325292E31A900E664DB /* App */ = {
			isa = PBXGroup;
			children = (
				C050B30C292E30E700E664DB /* AppDelegate.swift */,
				C050B30E292E30E700E664DB /* SceneDelegate.swift */,
			);
			path = App;
			sourceTree = "<group>";
		};
		C050B326292E31BE00E664DB /* Fonts */ = {
			isa = PBXGroup;
			children = (
				C050B32F292E327E00E664DB /* GmarketSansTTFBold.ttf */,
				C050B32E292E327E00E664DB /* GmarketSansTTFLight.ttf */,
				C050B330292E327E00E664DB /* GmarketSansTTFMedium.ttf */,
			);
			path = Fonts;
			sourceTree = "<group>";
		};
		C050B327292E31D700E664DB /* Present */ = {
			isa = PBXGroup;
			children = (
				6240F850293C62D000A2C781 /* Calendar */,
				4F5CC8282939EB89000F8AB3 /* TabBar */,
				C050B310292E30E700E664DB /* HomeViewController.swift */,
				4F5CC8202939EB5C000F8AB3 /* ChartLottoListViewController.swift */,
				4F5CC8242939EB7B000F8AB3 /* LottoQRViewController.swift */,
				4F5CC8262939EB85000F8AB3 /* RandomLottoNumberViewController.swift */,
			);
			path = Present;
			sourceTree = "<group>";
		};
		C050B328292E31E000E664DB /* DesignSystem */ = {
			isa = PBXGroup;
			children = (
				C050B32A292E320D00E664DB /* Font */,
				C050B329292E320300E664DB /* Color */,
			);
			path = DesignSystem;
			sourceTree = "<group>";
		};
		C050B329292E320300E664DB /* Color */ = {
			isa = PBXGroup;
			children = (
				C050B336292E358F00E664DB /* Palette.swift */,
			);
			path = Color;
			sourceTree = "<group>";
		};
		C050B32A292E320D00E664DB /* Font */ = {
			isa = PBXGroup;
			children = (
				C050B334292E358600E664DB /* Font.swift */,
			);
			path = Font;
			sourceTree = "<group>";
		};
		C050B32B292E322E00E664DB /* Utility */ = {
			isa = PBXGroup;
			children = (
				C050B32D292E324400E664DB /* Extensions */,
				C050B32C292E323D00E664DB /* DeviceInfo */,
			);
			path = Utility;
			sourceTree = "<group>";
		};
		C050B32C292E323D00E664DB /* DeviceInfo */ = {
			isa = PBXGroup;
			children = (
				C050B33D292E3B6E00E664DB /* DeviceInfo.swift */,
			);
			path = DeviceInfo;
			sourceTree = "<group>";
		};
		C050B32D292E324400E664DB /* Extensions */ = {
			isa = PBXGroup;
			children = (
				C050B33B292E3AB300E664DB /* UIFont+.swift */,
				C050B33F292E3D7100E664DB /* CGColor+.swift */,
				C050B341292E3D9200E664DB /* UIColor+.swift */,
				6240F863293C831600A2C781 /* Int+.swift */,
				6240F865293C843B00A2C781 /* String+.swift */,
			);
			path = Extensions;
			sourceTree = "<group>";
		};
/* End PBXGroup section */

/* Begin PBXNativeTarget section */
		C050B308292E30E700E664DB /* LottoDiary */ = {
			isa = PBXNativeTarget;
			buildConfigurationList = C050B320292E30E700E664DB /* Build configuration list for PBXNativeTarget "LottoDiary" */;
			buildPhases = (
				C050B305292E30E700E664DB /* Sources */,
				C050B306292E30E700E664DB /* Frameworks */,
				C050B307292E30E700E664DB /* Resources */,
			);
			buildRules = (
			);
			dependencies = (
			);
			name = LottoDiary;
			packageProductDependencies = (
				C050B339292E3A4E00E664DB /* SnapKit */,
				6240F84A293C5E7400A2C781 /* FSCalendar */,
				6240F84D293C620000A2C781 /* RxSwift */,
			);
			productName = LottoDiary;
			productReference = C050B309292E30E700E664DB /* LottoDiary.app */;
			productType = "com.apple.product-type.application";
		};
/* End PBXNativeTarget section */

/* Begin PBXProject section */
		C050B301292E30E700E664DB /* Project object */ = {
			isa = PBXProject;
			attributes = {
				BuildIndependentTargetsInParallel = 1;
				LastSwiftUpdateCheck = 1410;
				LastUpgradeCheck = 1410;
				TargetAttributes = {
					C050B308292E30E700E664DB = {
						CreatedOnToolsVersion = 14.1;
					};
				};
			};
			buildConfigurationList = C050B304292E30E700E664DB /* Build configuration list for PBXProject "LottoDiary" */;
			compatibilityVersion = "Xcode 14.0";
			developmentRegion = en;
			hasScannedForEncodings = 0;
			knownRegions = (
				en,
				Base,
			);
			mainGroup = C050B300292E30E700E664DB;
			packageReferences = (
				C050B338292E3A4E00E664DB /* XCRemoteSwiftPackageReference "SnapKit" */,
				6240F849293C5E7400A2C781 /* XCRemoteSwiftPackageReference "FSCalendar" */,
				6240F84C293C620000A2C781 /* XCRemoteSwiftPackageReference "RxSwift" */,
			);
			productRefGroup = C050B30A292E30E700E664DB /* Products */;
			projectDirPath = "";
			projectRoot = "";
			targets = (
				C050B308292E30E700E664DB /* LottoDiary */,
			);
		};
/* End PBXProject section */

/* Begin PBXResourcesBuildPhase section */
		C050B307292E30E700E664DB /* Resources */ = {
			isa = PBXResourcesBuildPhase;
			buildActionMask = 2147483647;
			files = (
				C050B31C292E30E700E664DB /* LaunchScreen.storyboard in Resources */,
				C050B331292E327E00E664DB /* GmarketSansTTFLight.ttf in Resources */,
				C050B319292E30E700E664DB /* Assets.xcassets in Resources */,
				C050B314292E30E700E664DB /* Main.storyboard in Resources */,
				C050B332292E327E00E664DB /* GmarketSansTTFBold.ttf in Resources */,
				C050B333292E327E00E664DB /* GmarketSansTTFMedium.ttf in Resources */,
				C050B344292E40CD00E664DB /* Colors.xcassets in Resources */,
			);
			runOnlyForDeploymentPostprocessing = 0;
		};
/* End PBXResourcesBuildPhase section */

/* Begin PBXSourcesBuildPhase section */
		C050B305292E30E700E664DB /* Sources */ = {
			isa = PBXSourcesBuildPhase;
			buildActionMask = 2147483647;
			files = (
				6240F856293C63E400A2C781 /* LottoCalendar.swift in Sources */,
				C050B340292E3D7100E664DB /* CGColor+.swift in Sources */,
				4F5CC82C2939EBAA000F8AB3 /* TabBarController.swift in Sources */,
				4F5CC82A2939EB9B000F8AB3 /* CustomTabBar.swift in Sources */,
				6240F85C293C7DD500A2C781 /* LottoCell.swift in Sources */,
				4F5CC8232939EB72000F8AB3 /* LottoCalendarViewController.swift in Sources */,
				C050B311292E30E700E664DB /* HomeViewController.swift in Sources */,
				C050B30D292E30E700E664DB /* AppDelegate.swift in Sources */,
				C050B335292E358600E664DB /* Font.swift in Sources */,
				4F5CC8272939EB85000F8AB3 /* RandomLottoNumberViewController.swift in Sources */,
				6240F866293C843B00A2C781 /* String+.swift in Sources */,
				C050B33C292E3AB300E664DB /* UIFont+.swift in Sources */,
				6240F864293C831600A2C781 /* Int+.swift in Sources */,
				C050B337292E358F00E664DB /* Palette.swift in Sources */,
				C050B317292E30E700E664DB /* LottoDiary.xcdatamodeld in Sources */,
				4F5CC8252939EB7B000F8AB3 /* LottoQRViewController.swift in Sources */,
				C050B30F292E30E700E664DB /* SceneDelegate.swift in Sources */,
				4F5CC8212939EB5C000F8AB3 /* ChartLottoListViewController.swift in Sources */,
				6240F868293C84C300A2C781 /* LottoCalenderViewController+DataSource.swift in Sources */,
				6240F85A293C70CA00A2C781 /* Lotto.swift in Sources */,
				6240F858293C64A700A2C781 /* ExpandButton.swift in Sources */,
				C050B33E292E3B6E00E664DB /* DeviceInfo.swift in Sources */,
				C050B342292E3D9200E664DB /* UIColor+.swift in Sources */,
				6240F860293C7FE100A2C781 /* AddLottoFooterView.swift in Sources */,
				6240F85E293C7EC100A2C781 /* DateHeaderView.swift in Sources */,
			);
			runOnlyForDeploymentPostprocessing = 0;
		};
/* End PBXSourcesBuildPhase section */

/* Begin PBXVariantGroup section */
		C050B312292E30E700E664DB /* Main.storyboard */ = {
			isa = PBXVariantGroup;
			children = (
				C050B313292E30E700E664DB /* Base */,
			);
			name = Main.storyboard;
			sourceTree = "<group>";
		};
		C050B31A292E30E700E664DB /* LaunchScreen.storyboard */ = {
			isa = PBXVariantGroup;
			children = (
				C050B31B292E30E700E664DB /* Base */,
			);
			name = LaunchScreen.storyboard;
			sourceTree = "<group>";
		};
/* End PBXVariantGroup section */

/* Begin XCBuildConfiguration section */
		C050B31E292E30E700E664DB /* Debug */ = {
			isa = XCBuildConfiguration;
			buildSettings = {
				ALWAYS_SEARCH_USER_PATHS = NO;
				CLANG_ANALYZER_NONNULL = YES;
				CLANG_ANALYZER_NUMBER_OBJECT_CONVERSION = YES_AGGRESSIVE;
				CLANG_CXX_LANGUAGE_STANDARD = "gnu++20";
				CLANG_ENABLE_MODULES = YES;
				CLANG_ENABLE_OBJC_ARC = YES;
				CLANG_ENABLE_OBJC_WEAK = YES;
				CLANG_WARN_BLOCK_CAPTURE_AUTORELEASING = YES;
				CLANG_WARN_BOOL_CONVERSION = YES;
				CLANG_WARN_COMMA = YES;
				CLANG_WARN_CONSTANT_CONVERSION = YES;
				CLANG_WARN_DEPRECATED_OBJC_IMPLEMENTATIONS = YES;
				CLANG_WARN_DIRECT_OBJC_ISA_USAGE = YES_ERROR;
				CLANG_WARN_DOCUMENTATION_COMMENTS = YES;
				CLANG_WARN_EMPTY_BODY = YES;
				CLANG_WARN_ENUM_CONVERSION = YES;
				CLANG_WARN_INFINITE_RECURSION = YES;
				CLANG_WARN_INT_CONVERSION = YES;
				CLANG_WARN_NON_LITERAL_NULL_CONVERSION = YES;
				CLANG_WARN_OBJC_IMPLICIT_RETAIN_SELF = YES;
				CLANG_WARN_OBJC_LITERAL_CONVERSION = YES;
				CLANG_WARN_OBJC_ROOT_CLASS = YES_ERROR;
				CLANG_WARN_QUOTED_INCLUDE_IN_FRAMEWORK_HEADER = YES;
				CLANG_WARN_RANGE_LOOP_ANALYSIS = YES;
				CLANG_WARN_STRICT_PROTOTYPES = YES;
				CLANG_WARN_SUSPICIOUS_MOVE = YES;
				CLANG_WARN_UNGUARDED_AVAILABILITY = YES_AGGRESSIVE;
				CLANG_WARN_UNREACHABLE_CODE = YES;
				CLANG_WARN__DUPLICATE_METHOD_MATCH = YES;
				COPY_PHASE_STRIP = NO;
				DEBUG_INFORMATION_FORMAT = dwarf;
				ENABLE_STRICT_OBJC_MSGSEND = YES;
				ENABLE_TESTABILITY = YES;
				GCC_C_LANGUAGE_STANDARD = gnu11;
				GCC_DYNAMIC_NO_PIC = NO;
				GCC_NO_COMMON_BLOCKS = YES;
				GCC_OPTIMIZATION_LEVEL = 0;
				GCC_PREPROCESSOR_DEFINITIONS = (
					"DEBUG=1",
					"$(inherited)",
				);
				GCC_WARN_64_TO_32_BIT_CONVERSION = YES;
				GCC_WARN_ABOUT_RETURN_TYPE = YES_ERROR;
				GCC_WARN_UNDECLARED_SELECTOR = YES;
				GCC_WARN_UNINITIALIZED_AUTOS = YES_AGGRESSIVE;
				GCC_WARN_UNUSED_FUNCTION = YES;
				GCC_WARN_UNUSED_VARIABLE = YES;
				IPHONEOS_DEPLOYMENT_TARGET = 15.5;
				MTL_ENABLE_DEBUG_INFO = INCLUDE_SOURCE;
				MTL_FAST_MATH = YES;
				ONLY_ACTIVE_ARCH = YES;
				SDKROOT = iphoneos;
				SWIFT_ACTIVE_COMPILATION_CONDITIONS = DEBUG;
				SWIFT_OPTIMIZATION_LEVEL = "-Onone";
			};
			name = Debug;
		};
		C050B31F292E30E700E664DB /* Release */ = {
			isa = XCBuildConfiguration;
			buildSettings = {
				ALWAYS_SEARCH_USER_PATHS = NO;
				CLANG_ANALYZER_NONNULL = YES;
				CLANG_ANALYZER_NUMBER_OBJECT_CONVERSION = YES_AGGRESSIVE;
				CLANG_CXX_LANGUAGE_STANDARD = "gnu++20";
				CLANG_ENABLE_MODULES = YES;
				CLANG_ENABLE_OBJC_ARC = YES;
				CLANG_ENABLE_OBJC_WEAK = YES;
				CLANG_WARN_BLOCK_CAPTURE_AUTORELEASING = YES;
				CLANG_WARN_BOOL_CONVERSION = YES;
				CLANG_WARN_COMMA = YES;
				CLANG_WARN_CONSTANT_CONVERSION = YES;
				CLANG_WARN_DEPRECATED_OBJC_IMPLEMENTATIONS = YES;
				CLANG_WARN_DIRECT_OBJC_ISA_USAGE = YES_ERROR;
				CLANG_WARN_DOCUMENTATION_COMMENTS = YES;
				CLANG_WARN_EMPTY_BODY = YES;
				CLANG_WARN_ENUM_CONVERSION = YES;
				CLANG_WARN_INFINITE_RECURSION = YES;
				CLANG_WARN_INT_CONVERSION = YES;
				CLANG_WARN_NON_LITERAL_NULL_CONVERSION = YES;
				CLANG_WARN_OBJC_IMPLICIT_RETAIN_SELF = YES;
				CLANG_WARN_OBJC_LITERAL_CONVERSION = YES;
				CLANG_WARN_OBJC_ROOT_CLASS = YES_ERROR;
				CLANG_WARN_QUOTED_INCLUDE_IN_FRAMEWORK_HEADER = YES;
				CLANG_WARN_RANGE_LOOP_ANALYSIS = YES;
				CLANG_WARN_STRICT_PROTOTYPES = YES;
				CLANG_WARN_SUSPICIOUS_MOVE = YES;
				CLANG_WARN_UNGUARDED_AVAILABILITY = YES_AGGRESSIVE;
				CLANG_WARN_UNREACHABLE_CODE = YES;
				CLANG_WARN__DUPLICATE_METHOD_MATCH = YES;
				COPY_PHASE_STRIP = NO;
				DEBUG_INFORMATION_FORMAT = "dwarf-with-dsym";
				ENABLE_NS_ASSERTIONS = NO;
				ENABLE_STRICT_OBJC_MSGSEND = YES;
				GCC_C_LANGUAGE_STANDARD = gnu11;
				GCC_NO_COMMON_BLOCKS = YES;
				GCC_WARN_64_TO_32_BIT_CONVERSION = YES;
				GCC_WARN_ABOUT_RETURN_TYPE = YES_ERROR;
				GCC_WARN_UNDECLARED_SELECTOR = YES;
				GCC_WARN_UNINITIALIZED_AUTOS = YES_AGGRESSIVE;
				GCC_WARN_UNUSED_FUNCTION = YES;
				GCC_WARN_UNUSED_VARIABLE = YES;
				IPHONEOS_DEPLOYMENT_TARGET = 15.5;
				MTL_ENABLE_DEBUG_INFO = NO;
				MTL_FAST_MATH = YES;
				SDKROOT = iphoneos;
				SWIFT_COMPILATION_MODE = wholemodule;
				SWIFT_OPTIMIZATION_LEVEL = "-O";
				VALIDATE_PRODUCT = YES;
			};
			name = Release;
		};
		C050B321292E30E700E664DB /* Debug */ = {
			isa = XCBuildConfiguration;
			buildSettings = {
				ASSETCATALOG_COMPILER_APPICON_NAME = AppIcon;
				ASSETCATALOG_COMPILER_GLOBAL_ACCENT_COLOR_NAME = AccentColor;
				CODE_SIGN_STYLE = Automatic;
				CURRENT_PROJECT_VERSION = 1;
				DEVELOPMENT_TEAM = F2W258F5P6;
				GENERATE_INFOPLIST_FILE = YES;
				INFOPLIST_FILE = LottoDiary/Info.plist;
				INFOPLIST_KEY_UIApplicationSupportsIndirectInputEvents = YES;
				INFOPLIST_KEY_UILaunchStoryboardName = LaunchScreen;
				INFOPLIST_KEY_UIMainStoryboardFile = Main;
				INFOPLIST_KEY_UISupportedInterfaceOrientations_iPad = "UIInterfaceOrientationPortrait UIInterfaceOrientationPortraitUpsideDown UIInterfaceOrientationLandscapeLeft UIInterfaceOrientationLandscapeRight";
				INFOPLIST_KEY_UISupportedInterfaceOrientations_iPhone = "UIInterfaceOrientationPortrait UIInterfaceOrientationLandscapeLeft UIInterfaceOrientationLandscapeRight";
				IPHONEOS_DEPLOYMENT_TARGET = 16.1;
				LD_RUNPATH_SEARCH_PATHS = (
					"$(inherited)",
					"@executable_path/Frameworks",
				);
				MARKETING_VERSION = 1.0;
				PRODUCT_BUNDLE_IDENTIFIER = uikit.LottoDiary;
				PRODUCT_NAME = "$(TARGET_NAME)";
				SWIFT_EMIT_LOC_STRINGS = YES;
				SWIFT_VERSION = 5.0;
				TARGETED_DEVICE_FAMILY = "1,2";
			};
			name = Debug;
		};
		C050B322292E30E700E664DB /* Release */ = {
			isa = XCBuildConfiguration;
			buildSettings = {
				ASSETCATALOG_COMPILER_APPICON_NAME = AppIcon;
				ASSETCATALOG_COMPILER_GLOBAL_ACCENT_COLOR_NAME = AccentColor;
				CODE_SIGN_STYLE = Automatic;
				CURRENT_PROJECT_VERSION = 1;
				DEVELOPMENT_TEAM = F2W258F5P6;
				GENERATE_INFOPLIST_FILE = YES;
				INFOPLIST_FILE = LottoDiary/Info.plist;
				INFOPLIST_KEY_UIApplicationSupportsIndirectInputEvents = YES;
				INFOPLIST_KEY_UILaunchStoryboardName = LaunchScreen;
				INFOPLIST_KEY_UIMainStoryboardFile = Main;
				INFOPLIST_KEY_UISupportedInterfaceOrientations_iPad = "UIInterfaceOrientationPortrait UIInterfaceOrientationPortraitUpsideDown UIInterfaceOrientationLandscapeLeft UIInterfaceOrientationLandscapeRight";
				INFOPLIST_KEY_UISupportedInterfaceOrientations_iPhone = "UIInterfaceOrientationPortrait UIInterfaceOrientationLandscapeLeft UIInterfaceOrientationLandscapeRight";
				IPHONEOS_DEPLOYMENT_TARGET = 16.1;
				LD_RUNPATH_SEARCH_PATHS = (
					"$(inherited)",
					"@executable_path/Frameworks",
				);
				MARKETING_VERSION = 1.0;
				PRODUCT_BUNDLE_IDENTIFIER = uikit.LottoDiary;
				PRODUCT_NAME = "$(TARGET_NAME)";
				SWIFT_EMIT_LOC_STRINGS = YES;
				SWIFT_VERSION = 5.0;
				TARGETED_DEVICE_FAMILY = "1,2";
			};
			name = Release;
		};
/* End XCBuildConfiguration section */

/* Begin XCConfigurationList section */
		C050B304292E30E700E664DB /* Build configuration list for PBXProject "LottoDiary" */ = {
			isa = XCConfigurationList;
			buildConfigurations = (
				C050B31E292E30E700E664DB /* Debug */,
				C050B31F292E30E700E664DB /* Release */,
			);
			defaultConfigurationIsVisible = 0;
			defaultConfigurationName = Release;
		};
		C050B320292E30E700E664DB /* Build configuration list for PBXNativeTarget "LottoDiary" */ = {
			isa = XCConfigurationList;
			buildConfigurations = (
				C050B321292E30E700E664DB /* Debug */,
				C050B322292E30E700E664DB /* Release */,
			);
			defaultConfigurationIsVisible = 0;
			defaultConfigurationName = Release;
		};
/* End XCConfigurationList section */

/* Begin XCRemoteSwiftPackageReference section */
		6240F849293C5E7400A2C781 /* XCRemoteSwiftPackageReference "FSCalendar" */ = {
			isa = XCRemoteSwiftPackageReference;
			repositoryURL = "https://github.com/WenchaoD/FSCalendar";
			requirement = {
				kind = upToNextMajorVersion;
				minimumVersion = 2.0.0;
			};
		};
		6240F84C293C620000A2C781 /* XCRemoteSwiftPackageReference "RxSwift" */ = {
			isa = XCRemoteSwiftPackageReference;
			repositoryURL = "https://github.com/ReactiveX/RxSwift";
			requirement = {
				kind = upToNextMajorVersion;
				minimumVersion = 6.0.0;
			};
		};
		C050B338292E3A4E00E664DB /* XCRemoteSwiftPackageReference "SnapKit" */ = {
			isa = XCRemoteSwiftPackageReference;
			repositoryURL = "https://github.com/SnapKit/SnapKit";
			requirement = {
				branch = develop;
				kind = branch;
			};
		};
/* End XCRemoteSwiftPackageReference section */

/* Begin XCSwiftPackageProductDependency section */
		6240F84A293C5E7400A2C781 /* FSCalendar */ = {
			isa = XCSwiftPackageProductDependency;
			package = 6240F849293C5E7400A2C781 /* XCRemoteSwiftPackageReference "FSCalendar" */;
			productName = FSCalendar;
		};
		6240F84D293C620000A2C781 /* RxSwift */ = {
			isa = XCSwiftPackageProductDependency;
			package = 6240F84C293C620000A2C781 /* XCRemoteSwiftPackageReference "RxSwift" */;
			productName = RxSwift;
		};
		C050B339292E3A4E00E664DB /* SnapKit */ = {
			isa = XCSwiftPackageProductDependency;
			package = C050B338292E3A4E00E664DB /* XCRemoteSwiftPackageReference "SnapKit" */;
			productName = SnapKit;
		};
/* End XCSwiftPackageProductDependency section */

/* Begin XCVersionGroup section */
		C050B315292E30E700E664DB /* LottoDiary.xcdatamodeld */ = {
			isa = XCVersionGroup;
			children = (
				C050B316292E30E700E664DB /* LottoDiary.xcdatamodel */,
			);
			currentVersion = C050B316292E30E700E664DB /* LottoDiary.xcdatamodel */;
			path = LottoDiary.xcdatamodeld;
			sourceTree = "<group>";
			versionGroupType = wrapper.xcdatamodel;
		};
/* End XCVersionGroup section */
	};
	rootObject = C050B301292E30E700E664DB /* Project object */;
}
