{
  "pins" : [
    {
      "identity" : "qrcodereader.swift",
      "kind" : "remoteSourceControl",
      "location" : "https://github.com/yannickl/QRCodeReader.swift.git",
      "state" : {
        "branch" : "master",
        "revision" : "f65f9a7dbbb17e31cf45cf453cdc98691dc80607"
      }
    },
    {
      "identity" : "snapkit",
      "kind" : "remoteSourceControl",
      "location" : "https://github.com/SnapKit/SnapKit",
      "state" : {
        "branch" : "develop",
        "revision" : "58320fe80522414bf3a7e24c88123581dc586752"
      }
    }
  ],
  "version" : 2
}
